
Microsoft Visual Studio Solution File, Format Version 12.00
# Visual Studio Version 17
VisualStudioVersion = 17.9.34607.119
MinimumVisualStudioVersion = 10.0.40219.1
Project("{2150E333-8FDC-42A3-9474-1A3956D46DE8}") = "src", "src", "{2C55F70E-4480-4295-B4A3-21267041A2BC}"
EndProject
Project("{2150E333-8FDC-42A3-9474-1A3956D46DE8}") = "1-Microservices", "1-Microservices", "{DE1EF2D8-BD74-4FE6-9333-E7436BA564F5}"
EndProject
Project("{2150E333-8FDC-42A3-9474-1A3956D46DE8}") = "2-Infrastructure", "2-Infrastructure", "{2472DB6C-A913-4767-A177-8D27E6A5A507}"
EndProject
Project("{2150E333-8FDC-42A3-9474-1A3956D46DE8}") = "Gateway", "Gateway", "{D71D596D-AF23-42F3-B18D-58F1B2C9CAFF}"
EndProject
Project("{2150E333-8FDC-42A3-9474-1A3956D46DE8}") = "0-Presentation", "0-Presentation", "{9ADFCF2E-D3FF-4324-9211-9508A701E6A7}"
EndProject
Project("{2150E333-8FDC-42A3-9474-1A3956D46DE8}") = "IdentityServer", "IdentityServer", "{FDB3136F-7C2F-42F5-8330-B81E372D3B65}"
EndProject
Project("{2150E333-8FDC-42A3-9474-1A3956D46DE8}") = "Payment", "Payment", "{103FFDA6-3F7C-4029-B58F-1564632D37E9}"
EndProject
Project("{2150E333-8FDC-42A3-9474-1A3956D46DE8}") = "Rental", "Rental", "{72EAAE1D-5EEA-425A-9610-8CB338B6012C}"
EndProject
Project("{2150E333-8FDC-42A3-9474-1A3956D46DE8}") = "Scheduling", "Scheduling", "{88DE8700-F623-4852-9F3C-8FE9E145A095}"
EndProject
Project("{2150E333-8FDC-42A3-9474-1A3956D46DE8}") = "Eventbus", "Eventbus", "{93429DB5-E57F-499A-A860-7313EBAC3F1F}"
EndProject
Project("{2150E333-8FDC-42A3-9474-1A3956D46DE8}") = "commonlogger", "commonlogger", "{B0C9D7E6-553E-4DDA-BFAA-025299A180B2}"
EndProject
Global
	GlobalSection(SolutionProperties) = preSolution
		HideSolutionNode = FALSE
	EndGlobalSection
	GlobalSection(NestedProjects) = preSolution
		{DE1EF2D8-BD74-4FE6-9333-E7436BA564F5} = {2C55F70E-4480-4295-B4A3-21267041A2BC}
		{2472DB6C-A913-4767-A177-8D27E6A5A507} = {2C55F70E-4480-4295-B4A3-21267041A2BC}
		{D71D596D-AF23-42F3-B18D-58F1B2C9CAFF} = {DE1EF2D8-BD74-4FE6-9333-E7436BA564F5}
		{9ADFCF2E-D3FF-4324-9211-9508A701E6A7} = {2C55F70E-4480-4295-B4A3-21267041A2BC}
		{FDB3136F-7C2F-42F5-8330-B81E372D3B65} = {DE1EF2D8-BD74-4FE6-9333-E7436BA564F5}
		{103FFDA6-3F7C-4029-B58F-1564632D37E9} = {DE1EF2D8-BD74-4FE6-9333-E7436BA564F5}
		{72EAAE1D-5EEA-425A-9610-8CB338B6012C} = {DE1EF2D8-BD74-4FE6-9333-E7436BA564F5}
		{88DE8700-F623-4852-9F3C-8FE9E145A095} = {DE1EF2D8-BD74-4FE6-9333-E7436BA564F5}
		{93429DB5-E57F-499A-A860-7313EBAC3F1F} = {2472DB6C-A913-4767-A177-8D27E6A5A507}
		{B0C9D7E6-553E-4DDA-BFAA-025299A180B2} = {2472DB6C-A913-4767-A177-8D27E6A5A507}
	EndGlobalSection
	GlobalSection(ExtensibilityGlobals) = postSolution
		SolutionGuid = {55F1F777-9E02-4452-8AF2-25F515922369}
	EndGlobalSection
EndGlobal
