
Microsoft Visual Studio Solution File, Format Version 12.00
# Visual Studio Version 17
VisualStudioVersion = 17.9.34607.119
MinimumVisualStudioVersion = 10.0.40219.1
Project("{2150E333-8FDC-42A3-9474-1A3956D46DE8}") = "src", "src", "{2C55F70E-4480-4295-B4A3-21267041A2BC}"
EndProject
Project("{2150E333-8FDC-42A3-9474-1A3956D46DE8}") = "1-Microservices", "1-Microservices", "{DE1EF2D8-BD74-4FE6-9333-E7436BA564F5}"
EndProject
Project("{2150E333-8FDC-42A3-9474-1A3956D46DE8}") = "Gateway", "Gateway", "{D71D596D-AF23-42F3-B18D-58F1B2C9CAFF}"
EndProject
Project("{2150E333-8FDC-42A3-9474-1A3956D46DE8}") = "0-Presentation", "0-Presentation", "{9ADFCF2E-D3FF-4324-9211-9508A701E6A7}"
EndProject
Project("{2150E333-8FDC-42A3-9474-1A3956D46DE8}") = "IdentityServer", "IdentityServer", "{FDB3136F-7C2F-42F5-8330-B81E372D3B65}"
EndProject
Project("{2150E333-8FDC-42A3-9474-1A3956D46DE8}") = "Payment", "Payment", "{103FFDA6-3F7C-4029-B58F-1564632D37E9}"
EndProject
Project("{2150E333-8FDC-42A3-9474-1A3956D46DE8}") = "Rental", "Rental", "{72EAAE1D-5EEA-425A-9610-8CB338B6012C}"
EndProject
Project("{9A19103F-16F7-4668-BE54-9A1E7A4F7556}") = "Rental.Application", "Rental\Rental.Application\Rental.Application.csproj", "{AC18AE47-D2E9-4373-86FA-000446D0B242}"
EndProject
Project("{9A19103F-16F7-4668-BE54-9A1E7A4F7556}") = "Rental.Infrasctructure", "Rental\Rental.Repository\Rental.Infrasctructure.csproj", "{DDDA76DB-5B65-4E56-A90F-429A2294E64F}"
EndProject
Project("{9A19103F-16F7-4668-BE54-9A1E7A4F7556}") = "Rental.TestUnit", "Rental\Rental.TestUnit\Rental.TestUnit.csproj", "{0EA3F9F7-35DB-4677-B345-6DA739FEB7CD}"
EndProject
Project("{9A19103F-16F7-4668-BE54-9A1E7A4F7556}") = "Rental.API", "Rental\Rental.API\Rental.API.csproj", "{E7FFA057-4E25-4D5F-80B2-6BE0DA3FCF28}"
EndProject
Project("{E53339B2-1760-4266-BCC7-CA923CBCF16C}") = "docker-compose", "docker-compose.dcproj", "{4EAD5189-A323-4EF7-AF58-47A644B8B08A}"
EndProject
Project("{9A19103F-16F7-4668-BE54-9A1E7A4F7556}") = "Rental.Domain", "Rental\Rental.Domain\Rental.Domain.csproj", "{477F927D-632C-495F-83AE-6E284577EE5A}"
EndProject
Project("{9A19103F-16F7-4668-BE54-9A1E7A4F7556}") = "Gateway.API", "Gateway\Gateway.API\Gateway.API.csproj", "{839CA67F-827D-4937-A9DB-4CCB9ED62A3E}"
EndProject
Project("{9A19103F-16F7-4668-BE54-9A1E7A4F7556}") = "Identity.Server", "IdentityServer\Identity.Server\Identity.Server.csproj", "{1BDF111C-3EF2-4876-B06C-12F3A94DE09D}"
EndProject
Project("{FAE04EC0-301F-11D3-BF4B-00C04F79EFBC}") = "Payment.API", "Payment\Payment.API\Payment.API.csproj", "{07701438-F124-44EF-B45B-A11A57EAB8E4}"
EndProject
Project("{FAE04EC0-301F-11D3-BF4B-00C04F79EFBC}") = "Rental.Web", "Presentation\Rental.Web\Rental.Web.csproj", "{5554AABD-1B38-4A6E-81B0-9141603C018D}"
EndProject
Global
	GlobalSection(SolutionConfigurationPlatforms) = preSolution
		Debug|Any CPU = Debug|Any CPU
		Release|Any CPU = Release|Any CPU
	EndGlobalSection
	GlobalSection(ProjectConfigurationPlatforms) = postSolution
		{AC18AE47-D2E9-4373-86FA-000446D0B242}.Debug|Any CPU.ActiveCfg = Debug|Any CPU
		{AC18AE47-D2E9-4373-86FA-000446D0B242}.Debug|Any CPU.Build.0 = Debug|Any CPU
		{AC18AE47-D2E9-4373-86FA-000446D0B242}.Release|Any CPU.ActiveCfg = Release|Any CPU
		{AC18AE47-D2E9-4373-86FA-000446D0B242}.Release|Any CPU.Build.0 = Release|Any CPU
		{DDDA76DB-5B65-4E56-A90F-429A2294E64F}.Debug|Any CPU.ActiveCfg = Debug|Any CPU
		{DDDA76DB-5B65-4E56-A90F-429A2294E64F}.Debug|Any CPU.Build.0 = Debug|Any CPU
		{DDDA76DB-5B65-4E56-A90F-429A2294E64F}.Release|Any CPU.ActiveCfg = Release|Any CPU
		{DDDA76DB-5B65-4E56-A90F-429A2294E64F}.Release|Any CPU.Build.0 = Release|Any CPU
		{0EA3F9F7-35DB-4677-B345-6DA739FEB7CD}.Debug|Any CPU.ActiveCfg = Debug|Any CPU
		{0EA3F9F7-35DB-4677-B345-6DA739FEB7CD}.Debug|Any CPU.Build.0 = Debug|Any CPU
		{0EA3F9F7-35DB-4677-B345-6DA739FEB7CD}.Release|Any CPU.ActiveCfg = Release|Any CPU
		{0EA3F9F7-35DB-4677-B345-6DA739FEB7CD}.Release|Any CPU.Build.0 = Release|Any CPU
		{E7FFA057-4E25-4D5F-80B2-6BE0DA3FCF28}.Debug|Any CPU.ActiveCfg = Debug|Any CPU
		{E7FFA057-4E25-4D5F-80B2-6BE0DA3FCF28}.Debug|Any CPU.Build.0 = Debug|Any CPU
		{E7FFA057-4E25-4D5F-80B2-6BE0DA3FCF28}.Release|Any CPU.ActiveCfg = Release|Any CPU
		{E7FFA057-4E25-4D5F-80B2-6BE0DA3FCF28}.Release|Any CPU.Build.0 = Release|Any CPU
		{4EAD5189-A323-4EF7-AF58-47A644B8B08A}.Debug|Any CPU.ActiveCfg = Debug|Any CPU
		{4EAD5189-A323-4EF7-AF58-47A644B8B08A}.Debug|Any CPU.Build.0 = Debug|Any CPU
		{4EAD5189-A323-4EF7-AF58-47A644B8B08A}.Release|Any CPU.ActiveCfg = Release|Any CPU
		{4EAD5189-A323-4EF7-AF58-47A644B8B08A}.Release|Any CPU.Build.0 = Release|Any CPU
		{477F927D-632C-495F-83AE-6E284577EE5A}.Debug|Any CPU.ActiveCfg = Debug|Any CPU
		{477F927D-632C-495F-83AE-6E284577EE5A}.Debug|Any CPU.Build.0 = Debug|Any CPU
		{477F927D-632C-495F-83AE-6E284577EE5A}.Release|Any CPU.ActiveCfg = Release|Any CPU
		{477F927D-632C-495F-83AE-6E284577EE5A}.Release|Any CPU.Build.0 = Release|Any CPU
		{839CA67F-827D-4937-A9DB-4CCB9ED62A3E}.Debug|Any CPU.ActiveCfg = Debug|Any CPU
		{839CA67F-827D-4937-A9DB-4CCB9ED62A3E}.Debug|Any CPU.Build.0 = Debug|Any CPU
		{839CA67F-827D-4937-A9DB-4CCB9ED62A3E}.Release|Any CPU.ActiveCfg = Release|Any CPU
		{839CA67F-827D-4937-A9DB-4CCB9ED62A3E}.Release|Any CPU.Build.0 = Release|Any CPU
		{1BDF111C-3EF2-4876-B06C-12F3A94DE09D}.Debug|Any CPU.ActiveCfg = Debug|Any CPU
		{1BDF111C-3EF2-4876-B06C-12F3A94DE09D}.Debug|Any CPU.Build.0 = Debug|Any CPU
		{1BDF111C-3EF2-4876-B06C-12F3A94DE09D}.Release|Any CPU.ActiveCfg = Release|Any CPU
		{1BDF111C-3EF2-4876-B06C-12F3A94DE09D}.Release|Any CPU.Build.0 = Release|Any CPU
		{07701438-F124-44EF-B45B-A11A57EAB8E4}.Debug|Any CPU.ActiveCfg = Debug|Any CPU
		{07701438-F124-44EF-B45B-A11A57EAB8E4}.Debug|Any CPU.Build.0 = Debug|Any CPU
		{07701438-F124-44EF-B45B-A11A57EAB8E4}.Release|Any CPU.ActiveCfg = Release|Any CPU
		{07701438-F124-44EF-B45B-A11A57EAB8E4}.Release|Any CPU.Build.0 = Release|Any CPU
		{5554AABD-1B38-4A6E-81B0-9141603C018D}.Debug|Any CPU.ActiveCfg = Debug|Any CPU
		{5554AABD-1B38-4A6E-81B0-9141603C018D}.Debug|Any CPU.Build.0 = Debug|Any CPU
		{5554AABD-1B38-4A6E-81B0-9141603C018D}.Release|Any CPU.ActiveCfg = Release|Any CPU
		{5554AABD-1B38-4A6E-81B0-9141603C018D}.Release|Any CPU.Build.0 = Release|Any CPU
	EndGlobalSection
	GlobalSection(SolutionProperties) = preSolution
		HideSolutionNode = FALSE
	EndGlobalSection
	GlobalSection(NestedProjects) = preSolution
		{DE1EF2D8-BD74-4FE6-9333-E7436BA564F5} = {2C55F70E-4480-4295-B4A3-21267041A2BC}
		{D71D596D-AF23-42F3-B18D-58F1B2C9CAFF} = {DE1EF2D8-BD74-4FE6-9333-E7436BA564F5}
		{9ADFCF2E-D3FF-4324-9211-9508A701E6A7} = {2C55F70E-4480-4295-B4A3-21267041A2BC}
		{FDB3136F-7C2F-42F5-8330-B81E372D3B65} = {DE1EF2D8-BD74-4FE6-9333-E7436BA564F5}
		{103FFDA6-3F7C-4029-B58F-1564632D37E9} = {DE1EF2D8-BD74-4FE6-9333-E7436BA564F5}
		{72EAAE1D-5EEA-425A-9610-8CB338B6012C} = {DE1EF2D8-BD74-4FE6-9333-E7436BA564F5}
		{AC18AE47-D2E9-4373-86FA-000446D0B242} = {72EAAE1D-5EEA-425A-9610-8CB338B6012C}
		{DDDA76DB-5B65-4E56-A90F-429A2294E64F} = {72EAAE1D-5EEA-425A-9610-8CB338B6012C}
		{0EA3F9F7-35DB-4677-B345-6DA739FEB7CD} = {72EAAE1D-5EEA-425A-9610-8CB338B6012C}
		{E7FFA057-4E25-4D5F-80B2-6BE0DA3FCF28} = {72EAAE1D-5EEA-425A-9610-8CB338B6012C}
		{477F927D-632C-495F-83AE-6E284577EE5A} = {72EAAE1D-5EEA-425A-9610-8CB338B6012C}
		{839CA67F-827D-4937-A9DB-4CCB9ED62A3E} = {D71D596D-AF23-42F3-B18D-58F1B2C9CAFF}
		{1BDF111C-3EF2-4876-B06C-12F3A94DE09D} = {FDB3136F-7C2F-42F5-8330-B81E372D3B65}
		{07701438-F124-44EF-B45B-A11A57EAB8E4} = {103FFDA6-3F7C-4029-B58F-1564632D37E9}
		{5554AABD-1B38-4A6E-81B0-9141603C018D} = {9ADFCF2E-D3FF-4324-9211-9508A701E6A7}
	EndGlobalSection
	GlobalSection(ExtensibilityGlobals) = postSolution
		SolutionGuid = {55F1F777-9E02-4452-8AF2-25F515922369}
	EndGlobalSection
EndGlobal
