
Microsoft Visual Studio Solution File, Format Version 12.00
# Visual Studio Version 17
VisualStudioVersion = 17.9.34607.119
MinimumVisualStudioVersion = 10.0.40219.1
Project("{2150E333-8FDC-42A3-9474-1A3956D46DE8}") = "src", "src", "{2C55F70E-4480-4295-B4A3-21267041A2BC}"
EndProject
Project("{2150E333-8FDC-42A3-9474-1A3956D46DE8}") = "1-Microservices", "1-Microservices", "{DE1EF2D8-BD74-4FE6-9333-E7436BA564F5}"
EndProject
Project("{2150E333-8FDC-42A3-9474-1A3956D46DE8}") = "2-Infrastructure", "2-Infrastructure", "{2472DB6C-A913-4767-A177-8D27E6A5A507}"
EndProject
Project("{2150E333-8FDC-42A3-9474-1A3956D46DE8}") = "Gateway", "Gateway", "{D71D596D-AF23-42F3-B18D-58F1B2C9CAFF}"
EndProject
Project("{2150E333-8FDC-42A3-9474-1A3956D46DE8}") = "0-Presentation", "0-Presentation", "{9ADFCF2E-D3FF-4324-9211-9508A701E6A7}"
EndProject
Project("{2150E333-8FDC-42A3-9474-1A3956D46DE8}") = "IdentityServer", "IdentityServer", "{FDB3136F-7C2F-42F5-8330-B81E372D3B65}"
EndProject
Project("{2150E333-8FDC-42A3-9474-1A3956D46DE8}") = "Payment", "Payment", "{103FFDA6-3F7C-4029-B58F-1564632D37E9}"
EndProject
Project("{2150E333-8FDC-42A3-9474-1A3956D46DE8}") = "Rental", "Rental", "{72EAAE1D-5EEA-425A-9610-8CB338B6012C}"
EndProject
Project("{2150E333-8FDC-42A3-9474-1A3956D46DE8}") = "Scheduling", "Scheduling", "{88DE8700-F623-4852-9F3C-8FE9E145A095}"
EndProject
Project("{2150E333-8FDC-42A3-9474-1A3956D46DE8}") = "Eventbus", "Eventbus", "{93429DB5-E57F-499A-A860-7313EBAC3F1F}"
EndProject
Project("{2150E333-8FDC-42A3-9474-1A3956D46DE8}") = "commonlogger", "commonlogger", "{B0C9D7E6-553E-4DDA-BFAA-025299A180B2}"
EndProject
Project("{FAE04EC0-301F-11D3-BF4B-00C04F79EFBC}") = "Scheduling.API", "Scheduling\Scheduling.API\Scheduling.API.csproj", "{E62CDE86-402F-4F7C-AB66-D5E53BA2A74D}"
EndProject
Project("{FAE04EC0-301F-11D3-BF4B-00C04F79EFBC}") = "Scheduling.Application", "Scheduling\Scheduling.Application\Scheduling.Application.csproj", "{9D71E1F1-47E9-4495-AEEA-4033D677D9C7}"
EndProject
Project("{FAE04EC0-301F-11D3-BF4B-00C04F79EFBC}") = "Scheduling.Domain", "Scheduling\Scheduling.Domain\Scheduling.Domain.csproj", "{0AE5425F-FA0F-4780-A693-824471A89621}"
EndProject
Project("{FAE04EC0-301F-11D3-BF4B-00C04F79EFBC}") = "Scheduling.Repository", "Scheduling\Scheduling.Repository\Scheduling.Repository.csproj", "{7CABB236-ED8D-42F9-9045-AC720379BB1C}"
EndProject
Project("{FAE04EC0-301F-11D3-BF4B-00C04F79EFBC}") = "Scheduling.TestUnit", "Scheduling\Scheduling.TestUnit\Scheduling.TestUnit.csproj", "{6D9D9C86-8064-4BFA-BE6D-8733D82595F1}"
EndProject
Project("{FAE04EC0-301F-11D3-BF4B-00C04F79EFBC}") = "Payment.Application", "Payment\Payment.Application\Payment.Application.csproj", "{6BED6752-4B17-4F7A-B39C-8033D6D6ED30}"
EndProject
Project("{FAE04EC0-301F-11D3-BF4B-00C04F79EFBC}") = "Payment.Repository", "Payment\Payment.Repository\Payment.Repository.csproj", "{13851800-7CF4-43FD-8DE1-CB273C6244CB}"
EndProject
Project("{FAE04EC0-301F-11D3-BF4B-00C04F79EFBC}") = "Payment.Domain", "Payment\Payment.Domain\Payment.Domain.csproj", "{BD3245EB-6E7B-4AEB-9D9D-B98868EA2631}"
EndProject
Project("{FAE04EC0-301F-11D3-BF4B-00C04F79EFBC}") = "Payment.API", "Payment\Payment.API\Payment.API.csproj", "{12A2AD46-37A8-4BD8-B9BA-F8D8BDE238A6}"
EndProject
Project("{FAE04EC0-301F-11D3-BF4B-00C04F79EFBC}") = "Gateway.API", "Gateway\Gateway.API\Gateway.API.csproj", "{9D630EBD-3014-44DE-A406-A91A2FA7C45B}"
EndProject
Project("{FAE04EC0-301F-11D3-BF4B-00C04F79EFBC}") = "Payment.TestUnit", "Payment\Payment.TestUnit\Payment.TestUnit.csproj", "{F0B96B39-1452-47BE-A811-D691025C216A}"
EndProject
Project("{FAE04EC0-301F-11D3-BF4B-00C04F79EFBC}") = "Rental.Application", "Rental\Rental.Application\Rental.Application.csproj", "{AC18AE47-D2E9-4373-86FA-000446D0B242}"
EndProject
Project("{FAE04EC0-301F-11D3-BF4B-00C04F79EFBC}") = "Rental.Domain", "Rental\Rental.Domain\Rental.Domain.csproj", "{A98E9C46-95D8-4F9C-9A46-8C54671E5E8B}"
EndProject
Project("{FAE04EC0-301F-11D3-BF4B-00C04F79EFBC}") = "Rental.Repository", "Rental\Rental.Repository\Rental.Repository.csproj", "{DDDA76DB-5B65-4E56-A90F-429A2294E64F}"
EndProject
Project("{FAE04EC0-301F-11D3-BF4B-00C04F79EFBC}") = "Rental.TestUnit", "Rental\Rental.TestUnit\Rental.TestUnit.csproj", "{0EA3F9F7-35DB-4677-B345-6DA739FEB7CD}"
EndProject
Project("{FAE04EC0-301F-11D3-BF4B-00C04F79EFBC}") = "Rental.API", "Rental\Rental.API\Rental.API.csproj", "{E7FFA057-4E25-4D5F-80B2-6BE0DA3FCF28}"
EndProject
Project("{E53339B2-1760-4266-BCC7-CA923CBCF16C}") = "docker-compose", "docker-compose.dcproj", "{4EAD5189-A323-4EF7-AF58-47A644B8B08A}"
EndProject
Global
	GlobalSection(SolutionConfigurationPlatforms) = preSolution
		Debug|Any CPU = Debug|Any CPU
		Release|Any CPU = Release|Any CPU
	EndGlobalSection
	GlobalSection(ProjectConfigurationPlatforms) = postSolution
		{E62CDE86-402F-4F7C-AB66-D5E53BA2A74D}.Debug|Any CPU.ActiveCfg = Debug|Any CPU
		{E62CDE86-402F-4F7C-AB66-D5E53BA2A74D}.Debug|Any CPU.Build.0 = Debug|Any CPU
		{E62CDE86-402F-4F7C-AB66-D5E53BA2A74D}.Release|Any CPU.ActiveCfg = Release|Any CPU
		{E62CDE86-402F-4F7C-AB66-D5E53BA2A74D}.Release|Any CPU.Build.0 = Release|Any CPU
		{9D71E1F1-47E9-4495-AEEA-4033D677D9C7}.Debug|Any CPU.ActiveCfg = Debug|Any CPU
		{9D71E1F1-47E9-4495-AEEA-4033D677D9C7}.Debug|Any CPU.Build.0 = Debug|Any CPU
		{9D71E1F1-47E9-4495-AEEA-4033D677D9C7}.Release|Any CPU.ActiveCfg = Release|Any CPU
		{9D71E1F1-47E9-4495-AEEA-4033D677D9C7}.Release|Any CPU.Build.0 = Release|Any CPU
		{0AE5425F-FA0F-4780-A693-824471A89621}.Debug|Any CPU.ActiveCfg = Debug|Any CPU
		{0AE5425F-FA0F-4780-A693-824471A89621}.Debug|Any CPU.Build.0 = Debug|Any CPU
		{0AE5425F-FA0F-4780-A693-824471A89621}.Release|Any CPU.ActiveCfg = Release|Any CPU
		{0AE5425F-FA0F-4780-A693-824471A89621}.Release|Any CPU.Build.0 = Release|Any CPU
		{7CABB236-ED8D-42F9-9045-AC720379BB1C}.Debug|Any CPU.ActiveCfg = Debug|Any CPU
		{7CABB236-ED8D-42F9-9045-AC720379BB1C}.Debug|Any CPU.Build.0 = Debug|Any CPU
		{7CABB236-ED8D-42F9-9045-AC720379BB1C}.Release|Any CPU.ActiveCfg = Release|Any CPU
		{7CABB236-ED8D-42F9-9045-AC720379BB1C}.Release|Any CPU.Build.0 = Release|Any CPU
		{6D9D9C86-8064-4BFA-BE6D-8733D82595F1}.Debug|Any CPU.ActiveCfg = Debug|Any CPU
		{6D9D9C86-8064-4BFA-BE6D-8733D82595F1}.Debug|Any CPU.Build.0 = Debug|Any CPU
		{6D9D9C86-8064-4BFA-BE6D-8733D82595F1}.Release|Any CPU.ActiveCfg = Release|Any CPU
		{6D9D9C86-8064-4BFA-BE6D-8733D82595F1}.Release|Any CPU.Build.0 = Release|Any CPU
		{6BED6752-4B17-4F7A-B39C-8033D6D6ED30}.Debug|Any CPU.ActiveCfg = Debug|Any CPU
		{6BED6752-4B17-4F7A-B39C-8033D6D6ED30}.Debug|Any CPU.Build.0 = Debug|Any CPU
		{6BED6752-4B17-4F7A-B39C-8033D6D6ED30}.Release|Any CPU.ActiveCfg = Release|Any CPU
		{6BED6752-4B17-4F7A-B39C-8033D6D6ED30}.Release|Any CPU.Build.0 = Release|Any CPU
		{13851800-7CF4-43FD-8DE1-CB273C6244CB}.Debug|Any CPU.ActiveCfg = Debug|Any CPU
		{13851800-7CF4-43FD-8DE1-CB273C6244CB}.Debug|Any CPU.Build.0 = Debug|Any CPU
		{13851800-7CF4-43FD-8DE1-CB273C6244CB}.Release|Any CPU.ActiveCfg = Release|Any CPU
		{13851800-7CF4-43FD-8DE1-CB273C6244CB}.Release|Any CPU.Build.0 = Release|Any CPU
		{BD3245EB-6E7B-4AEB-9D9D-B98868EA2631}.Debug|Any CPU.ActiveCfg = Debug|Any CPU
		{BD3245EB-6E7B-4AEB-9D9D-B98868EA2631}.Debug|Any CPU.Build.0 = Debug|Any CPU
		{BD3245EB-6E7B-4AEB-9D9D-B98868EA2631}.Release|Any CPU.ActiveCfg = Release|Any CPU
		{BD3245EB-6E7B-4AEB-9D9D-B98868EA2631}.Release|Any CPU.Build.0 = Release|Any CPU
		{12A2AD46-37A8-4BD8-B9BA-F8D8BDE238A6}.Debug|Any CPU.ActiveCfg = Debug|Any CPU
		{12A2AD46-37A8-4BD8-B9BA-F8D8BDE238A6}.Debug|Any CPU.Build.0 = Debug|Any CPU
		{12A2AD46-37A8-4BD8-B9BA-F8D8BDE238A6}.Release|Any CPU.ActiveCfg = Release|Any CPU
		{12A2AD46-37A8-4BD8-B9BA-F8D8BDE238A6}.Release|Any CPU.Build.0 = Release|Any CPU
		{9D630EBD-3014-44DE-A406-A91A2FA7C45B}.Debug|Any CPU.ActiveCfg = Debug|Any CPU
		{9D630EBD-3014-44DE-A406-A91A2FA7C45B}.Debug|Any CPU.Build.0 = Debug|Any CPU
		{9D630EBD-3014-44DE-A406-A91A2FA7C45B}.Release|Any CPU.ActiveCfg = Release|Any CPU
		{9D630EBD-3014-44DE-A406-A91A2FA7C45B}.Release|Any CPU.Build.0 = Release|Any CPU
		{F0B96B39-1452-47BE-A811-D691025C216A}.Debug|Any CPU.ActiveCfg = Debug|Any CPU
		{F0B96B39-1452-47BE-A811-D691025C216A}.Debug|Any CPU.Build.0 = Debug|Any CPU
		{F0B96B39-1452-47BE-A811-D691025C216A}.Release|Any CPU.ActiveCfg = Release|Any CPU
		{F0B96B39-1452-47BE-A811-D691025C216A}.Release|Any CPU.Build.0 = Release|Any CPU
		{AC18AE47-D2E9-4373-86FA-000446D0B242}.Debug|Any CPU.ActiveCfg = Debug|Any CPU
		{AC18AE47-D2E9-4373-86FA-000446D0B242}.Debug|Any CPU.Build.0 = Debug|Any CPU
		{AC18AE47-D2E9-4373-86FA-000446D0B242}.Release|Any CPU.ActiveCfg = Release|Any CPU
		{AC18AE47-D2E9-4373-86FA-000446D0B242}.Release|Any CPU.Build.0 = Release|Any CPU
		{A98E9C46-95D8-4F9C-9A46-8C54671E5E8B}.Debug|Any CPU.ActiveCfg = Debug|Any CPU
		{A98E9C46-95D8-4F9C-9A46-8C54671E5E8B}.Debug|Any CPU.Build.0 = Debug|Any CPU
		{A98E9C46-95D8-4F9C-9A46-8C54671E5E8B}.Release|Any CPU.ActiveCfg = Release|Any CPU
		{A98E9C46-95D8-4F9C-9A46-8C54671E5E8B}.Release|Any CPU.Build.0 = Release|Any CPU
		{DDDA76DB-5B65-4E56-A90F-429A2294E64F}.Debug|Any CPU.ActiveCfg = Debug|Any CPU
		{DDDA76DB-5B65-4E56-A90F-429A2294E64F}.Debug|Any CPU.Build.0 = Debug|Any CPU
		{DDDA76DB-5B65-4E56-A90F-429A2294E64F}.Release|Any CPU.ActiveCfg = Release|Any CPU
		{DDDA76DB-5B65-4E56-A90F-429A2294E64F}.Release|Any CPU.Build.0 = Release|Any CPU
		{0EA3F9F7-35DB-4677-B345-6DA739FEB7CD}.Debug|Any CPU.ActiveCfg = Debug|Any CPU
		{0EA3F9F7-35DB-4677-B345-6DA739FEB7CD}.Debug|Any CPU.Build.0 = Debug|Any CPU
		{0EA3F9F7-35DB-4677-B345-6DA739FEB7CD}.Release|Any CPU.ActiveCfg = Release|Any CPU
		{0EA3F9F7-35DB-4677-B345-6DA739FEB7CD}.Release|Any CPU.Build.0 = Release|Any CPU
		{E7FFA057-4E25-4D5F-80B2-6BE0DA3FCF28}.Debug|Any CPU.ActiveCfg = Debug|Any CPU
		{E7FFA057-4E25-4D5F-80B2-6BE0DA3FCF28}.Debug|Any CPU.Build.0 = Debug|Any CPU
		{E7FFA057-4E25-4D5F-80B2-6BE0DA3FCF28}.Release|Any CPU.ActiveCfg = Release|Any CPU
		{E7FFA057-4E25-4D5F-80B2-6BE0DA3FCF28}.Release|Any CPU.Build.0 = Release|Any CPU
		{4EAD5189-A323-4EF7-AF58-47A644B8B08A}.Debug|Any CPU.ActiveCfg = Debug|Any CPU
		{4EAD5189-A323-4EF7-AF58-47A644B8B08A}.Debug|Any CPU.Build.0 = Debug|Any CPU
		{4EAD5189-A323-4EF7-AF58-47A644B8B08A}.Release|Any CPU.ActiveCfg = Release|Any CPU
		{4EAD5189-A323-4EF7-AF58-47A644B8B08A}.Release|Any CPU.Build.0 = Release|Any CPU
	EndGlobalSection
	GlobalSection(SolutionProperties) = preSolution
		HideSolutionNode = FALSE
	EndGlobalSection
	GlobalSection(NestedProjects) = preSolution
		{DE1EF2D8-BD74-4FE6-9333-E7436BA564F5} = {2C55F70E-4480-4295-B4A3-21267041A2BC}
		{2472DB6C-A913-4767-A177-8D27E6A5A507} = {2C55F70E-4480-4295-B4A3-21267041A2BC}
		{D71D596D-AF23-42F3-B18D-58F1B2C9CAFF} = {DE1EF2D8-BD74-4FE6-9333-E7436BA564F5}
		{9ADFCF2E-D3FF-4324-9211-9508A701E6A7} = {2C55F70E-4480-4295-B4A3-21267041A2BC}
		{FDB3136F-7C2F-42F5-8330-B81E372D3B65} = {DE1EF2D8-BD74-4FE6-9333-E7436BA564F5}
		{103FFDA6-3F7C-4029-B58F-1564632D37E9} = {DE1EF2D8-BD74-4FE6-9333-E7436BA564F5}
		{72EAAE1D-5EEA-425A-9610-8CB338B6012C} = {DE1EF2D8-BD74-4FE6-9333-E7436BA564F5}
		{88DE8700-F623-4852-9F3C-8FE9E145A095} = {DE1EF2D8-BD74-4FE6-9333-E7436BA564F5}
		{93429DB5-E57F-499A-A860-7313EBAC3F1F} = {2472DB6C-A913-4767-A177-8D27E6A5A507}
		{B0C9D7E6-553E-4DDA-BFAA-025299A180B2} = {2472DB6C-A913-4767-A177-8D27E6A5A507}
		{E62CDE86-402F-4F7C-AB66-D5E53BA2A74D} = {88DE8700-F623-4852-9F3C-8FE9E145A095}
		{9D71E1F1-47E9-4495-AEEA-4033D677D9C7} = {88DE8700-F623-4852-9F3C-8FE9E145A095}
		{0AE5425F-FA0F-4780-A693-824471A89621} = {88DE8700-F623-4852-9F3C-8FE9E145A095}
		{7CABB236-ED8D-42F9-9045-AC720379BB1C} = {88DE8700-F623-4852-9F3C-8FE9E145A095}
		{6D9D9C86-8064-4BFA-BE6D-8733D82595F1} = {88DE8700-F623-4852-9F3C-8FE9E145A095}
		{6BED6752-4B17-4F7A-B39C-8033D6D6ED30} = {103FFDA6-3F7C-4029-B58F-1564632D37E9}
		{13851800-7CF4-43FD-8DE1-CB273C6244CB} = {103FFDA6-3F7C-4029-B58F-1564632D37E9}
		{BD3245EB-6E7B-4AEB-9D9D-B98868EA2631} = {103FFDA6-3F7C-4029-B58F-1564632D37E9}
		{12A2AD46-37A8-4BD8-B9BA-F8D8BDE238A6} = {103FFDA6-3F7C-4029-B58F-1564632D37E9}
		{9D630EBD-3014-44DE-A406-A91A2FA7C45B} = {D71D596D-AF23-42F3-B18D-58F1B2C9CAFF}
		{F0B96B39-1452-47BE-A811-D691025C216A} = {103FFDA6-3F7C-4029-B58F-1564632D37E9}
		{AC18AE47-D2E9-4373-86FA-000446D0B242} = {72EAAE1D-5EEA-425A-9610-8CB338B6012C}
		{A98E9C46-95D8-4F9C-9A46-8C54671E5E8B} = {72EAAE1D-5EEA-425A-9610-8CB338B6012C}
		{DDDA76DB-5B65-4E56-A90F-429A2294E64F} = {72EAAE1D-5EEA-425A-9610-8CB338B6012C}
		{0EA3F9F7-35DB-4677-B345-6DA739FEB7CD} = {72EAAE1D-5EEA-425A-9610-8CB338B6012C}
		{E7FFA057-4E25-4D5F-80B2-6BE0DA3FCF28} = {72EAAE1D-5EEA-425A-9610-8CB338B6012C}
	EndGlobalSection
	GlobalSection(ExtensibilityGlobals) = postSolution
		SolutionGuid = {55F1F777-9E02-4452-8AF2-25F515922369}
	EndGlobalSection
EndGlobal
